
Microsoft Visual Studio Solution File, Format Version 11.00
# Visual Studio 2010
Project("{E24C65DC-7377-472B-9ABA-BC803B73C61A}") = "InmobiliariaIrvingMobil Web", ".", "{D76B6691-6397-4619-A443-0A1BAB99B440}"
	ProjectSection(WebsiteProperties) = preProject
		TargetFrameworkMoniker = ".NETFramework,Version%3Dv4.0"
		ProjectReferences = "{6FC8005F-2238-49A3-BF33-BDD61FF5AAB3}|DataAccess.dll;{BF631143-29D5-44F8-BD57-3B198318D496}|ControlCasaBO.dll;"
		Debug.AspNetCompiler.VirtualPath = "/inmobiliariairvingmovil"
		Debug.AspNetCompiler.PhysicalPath = "..\InmobiliariaIrvingMobil Web\"
		Debug.AspNetCompiler.TargetPath = "PrecompiledWeb\inmobiliariairvingmovil\"
		Debug.AspNetCompiler.Updateable = "true"
		Debug.AspNetCompiler.ForceOverwrite = "true"
		Debug.AspNetCompiler.FixedNames = "false"
		Debug.AspNetCompiler.Debug = "True"
		Release.AspNetCompiler.VirtualPath = "/inmobiliariairvingmovil"
		Release.AspNetCompiler.PhysicalPath = "..\InmobiliariaIrvingMobil Web\"
		Release.AspNetCompiler.TargetPath = "PrecompiledWeb\inmobiliariairvingmovil\"
		Release.AspNetCompiler.Updateable = "true"
		Release.AspNetCompiler.ForceOverwrite = "true"
		Release.AspNetCompiler.FixedNames = "false"
		Release.AspNetCompiler.Debug = "False"
		VWDPort = "41000"
		DefaultWebSiteLanguage = "Visual C#"
	EndProjectSection
EndProject
Project("{FAE04EC0-301F-11D3-BF4B-00C04F79EFBC}") = "DataAccess", "..\DataAccess\DataAccess\DataAccess.csproj", "{6FC8005F-2238-49A3-BF33-BDD61FF5AAB3}"
EndProject
Project("{FAE04EC0-301F-11D3-BF4B-00C04F79EFBC}") = "ControlCasaBO", "..\ControlCasaBO\ControlCasaBO.csproj", "{BF631143-29D5-44F8-BD57-3B198318D496}"
EndProject
Global
	GlobalSection(SolutionConfigurationPlatforms) = preSolution
		Debug|Any CPU = Debug|Any CPU
		Release|Any CPU = Release|Any CPU
	EndGlobalSection
	GlobalSection(ProjectConfigurationPlatforms) = postSolution
		{D76B6691-6397-4619-A443-0A1BAB99B440}.Debug|Any CPU.ActiveCfg = Debug|Any CPU
		{D76B6691-6397-4619-A443-0A1BAB99B440}.Debug|Any CPU.Build.0 = Debug|Any CPU
		{D76B6691-6397-4619-A443-0A1BAB99B440}.Release|Any CPU.ActiveCfg = Debug|Any CPU
		{D76B6691-6397-4619-A443-0A1BAB99B440}.Release|Any CPU.Build.0 = Debug|Any CPU
		{6FC8005F-2238-49A3-BF33-BDD61FF5AAB3}.Debug|Any CPU.ActiveCfg = Debug|Any CPU
		{6FC8005F-2238-49A3-BF33-BDD61FF5AAB3}.Debug|Any CPU.Build.0 = Debug|Any CPU
		{6FC8005F-2238-49A3-BF33-BDD61FF5AAB3}.Release|Any CPU.ActiveCfg = Release|Any CPU
		{6FC8005F-2238-49A3-BF33-BDD61FF5AAB3}.Release|Any CPU.Build.0 = Release|Any CPU
		{BF631143-29D5-44F8-BD57-3B198318D496}.Debug|Any CPU.ActiveCfg = Debug|Any CPU
		{BF631143-29D5-44F8-BD57-3B198318D496}.Debug|Any CPU.Build.0 = Debug|Any CPU
		{BF631143-29D5-44F8-BD57-3B198318D496}.Release|Any CPU.ActiveCfg = Release|Any CPU
		{BF631143-29D5-44F8-BD57-3B198318D496}.Release|Any CPU.Build.0 = Release|Any CPU
	EndGlobalSection
	GlobalSection(SolutionProperties) = preSolution
		HideSolutionNode = FALSE
	EndGlobalSection
EndGlobal
